
Microsoft Visual Studio Solution File, Format Version 12.00
# Visual Studio Version 17
VisualStudioVersion = 17.4.33213.308
MinimumVisualStudioVersion = 10.0.40219.1
Project("{2150E333-8FDC-42A3-9474-1A3956D46DE8}") = "Services", "Services", "{BCA602EE-9CCB-4F29-8FDA-F6933AFFFC4D}"
EndProject
Project("{2150E333-8FDC-42A3-9474-1A3956D46DE8}") = "Catalog", "Catalog", "{AE18C18F-1296-455A-8ADD-A0609643BD5C}"
EndProject
Project("{9A19103F-16F7-4668-BE54-9A1E7A4F7556}") = "Catalog.Api", "Services\Catalog\Catalog.Api\Catalog.Api.csproj", "{5D7C1E9D-4CFE-49CA-BB21-C0967480058F}"
EndProject
Project("{E53339B2-1760-4266-BCC7-CA923CBCF16C}") = "docker-compose", "docker-compose.dcproj", "{F4A2DF11-B1C3-4C91-B86A-336B63E8A91C}"
EndProject
Project("{2150E333-8FDC-42A3-9474-1A3956D46DE8}") = "Basket", "Basket", "{D40BEBB3-EEC4-4CDD-859B-115025D0D715}"
EndProject
Project("{9A19103F-16F7-4668-BE54-9A1E7A4F7556}") = "Basket.Api", "Services\Basket.Api\Basket.Api.csproj", "{62B2E14F-A05F-46ED-86F4-B724B2918B88}"
EndProject
Project("{2150E333-8FDC-42A3-9474-1A3956D46DE8}") = "Discount", "Discount", "{9C7A4C67-71E3-4AFA-866A-CABDA175A57A}"
EndProject
Project("{9A19103F-16F7-4668-BE54-9A1E7A4F7556}") = "Discount.Api", "Services\Discount\Discount.Api\Discount.Api.csproj", "{7994581E-8CDD-4F35-BC80-EFB0684511F6}"
EndProject
Project("{9A19103F-16F7-4668-BE54-9A1E7A4F7556}") = "Discount.Grpc", "Services\Discount\Discount.Grpc\Discount.Grpc.csproj", "{59E315A1-2EDD-4C25-9C74-86D9BE7CC8A9}"
EndProject
Project("{2150E333-8FDC-42A3-9474-1A3956D46DE8}") = "Ordering", "Ordering", "{1694C3B8-F107-4892-BAE9-93C2C094D98C}"
EndProject
Project("{9A19103F-16F7-4668-BE54-9A1E7A4F7556}") = "Ordering.Api", "Services\Ordering\Ordering.Api\Ordering.Api.csproj", "{AE0D4720-862B-4B9D-8BD3-2492C7C230EA}"
EndProject
Project("{9A19103F-16F7-4668-BE54-9A1E7A4F7556}") = "Ordering.Domain", "Services\Ordering\Ordering.Domain\Ordering.Domain.csproj", "{80F1EB57-605D-428B-83D8-48F1983644FE}"
EndProject
Project("{9A19103F-16F7-4668-BE54-9A1E7A4F7556}") = "Ordering.Application", "Services\Ordering\Ordering.Application\Ordering.Application.csproj", "{203DDAA7-C1CC-408B-9EDF-F06BE8168689}"
EndProject
Project("{9A19103F-16F7-4668-BE54-9A1E7A4F7556}") = "Ordering.Infrastructure", "Services\Ordering\Ordering.Infrastructure\Ordering.Infrastructure.csproj", "{8594F985-D9B2-43F7-AA9C-F12369C05B61}"
EndProject
Project("{2150E333-8FDC-42A3-9474-1A3956D46DE8}") = "BuildingBlocks", "BuildingBlocks", "{C6F37251-3D22-4A96-8644-6954ED9F4623}"
EndProject
Project("{9A19103F-16F7-4668-BE54-9A1E7A4F7556}") = "EventBus.Messages", "BuildingBlocks\EventBus.Messages\EventBus.Messages.csproj", "{F3083FA9-8C8E-4E33-99C4-52D1D2EAC765}"
EndProject
Project("{2150E333-8FDC-42A3-9474-1A3956D46DE8}") = "ApiGateways", "ApiGateways", "{B039F435-906A-4590-AB6C-386EF89B8D8B}"
EndProject
Project("{9A19103F-16F7-4668-BE54-9A1E7A4F7556}") = "OcelotApiGw", "ApiGateways\OcelotApiGw\OcelotApiGw.csproj", "{D0F92661-8BC4-4F56-9FB7-FA80B0D321B6}"
EndProject
Project("{9A19103F-16F7-4668-BE54-9A1E7A4F7556}") = "Shopping.Aggregator", "ApiGateways\Shopping.Aggregator\Shopping.Aggregator.csproj", "{B9DAC068-95AB-41E4-BBAD-8451EEAC14BB}"
EndProject
Project("{2150E333-8FDC-42A3-9474-1A3956D46DE8}") = "WebApps", "WebApps", "{62015EE1-D286-4684-AF63-7CDF3BCE45D9}"
EndProject
Project("{9A19103F-16F7-4668-BE54-9A1E7A4F7556}") = "AspnetRunBasics", "WebApps\AspnetRunBasics\AspnetRunBasics.csproj", "{A274C70E-57F9-4D94-8A8F-91CF0264681C}"
EndProject
Global
	GlobalSection(SolutionConfigurationPlatforms) = preSolution
		Debug|Any CPU = Debug|Any CPU
		Release|Any CPU = Release|Any CPU
	EndGlobalSection
	GlobalSection(ProjectConfigurationPlatforms) = postSolution
		{5D7C1E9D-4CFE-49CA-BB21-C0967480058F}.Debug|Any CPU.ActiveCfg = Debug|Any CPU
		{5D7C1E9D-4CFE-49CA-BB21-C0967480058F}.Debug|Any CPU.Build.0 = Debug|Any CPU
		{5D7C1E9D-4CFE-49CA-BB21-C0967480058F}.Release|Any CPU.ActiveCfg = Release|Any CPU
		{5D7C1E9D-4CFE-49CA-BB21-C0967480058F}.Release|Any CPU.Build.0 = Release|Any CPU
		{F4A2DF11-B1C3-4C91-B86A-336B63E8A91C}.Debug|Any CPU.ActiveCfg = Debug|Any CPU
		{F4A2DF11-B1C3-4C91-B86A-336B63E8A91C}.Debug|Any CPU.Build.0 = Debug|Any CPU
		{F4A2DF11-B1C3-4C91-B86A-336B63E8A91C}.Release|Any CPU.ActiveCfg = Release|Any CPU
		{F4A2DF11-B1C3-4C91-B86A-336B63E8A91C}.Release|Any CPU.Build.0 = Release|Any CPU
		{62B2E14F-A05F-46ED-86F4-B724B2918B88}.Debug|Any CPU.ActiveCfg = Debug|Any CPU
		{62B2E14F-A05F-46ED-86F4-B724B2918B88}.Debug|Any CPU.Build.0 = Debug|Any CPU
		{62B2E14F-A05F-46ED-86F4-B724B2918B88}.Release|Any CPU.ActiveCfg = Release|Any CPU
		{62B2E14F-A05F-46ED-86F4-B724B2918B88}.Release|Any CPU.Build.0 = Release|Any CPU
		{7994581E-8CDD-4F35-BC80-EFB0684511F6}.Debug|Any CPU.ActiveCfg = Debug|Any CPU
		{7994581E-8CDD-4F35-BC80-EFB0684511F6}.Debug|Any CPU.Build.0 = Debug|Any CPU
		{7994581E-8CDD-4F35-BC80-EFB0684511F6}.Release|Any CPU.ActiveCfg = Release|Any CPU
		{7994581E-8CDD-4F35-BC80-EFB0684511F6}.Release|Any CPU.Build.0 = Release|Any CPU
		{59E315A1-2EDD-4C25-9C74-86D9BE7CC8A9}.Debug|Any CPU.ActiveCfg = Debug|Any CPU
		{59E315A1-2EDD-4C25-9C74-86D9BE7CC8A9}.Debug|Any CPU.Build.0 = Debug|Any CPU
		{59E315A1-2EDD-4C25-9C74-86D9BE7CC8A9}.Release|Any CPU.ActiveCfg = Release|Any CPU
		{59E315A1-2EDD-4C25-9C74-86D9BE7CC8A9}.Release|Any CPU.Build.0 = Release|Any CPU
		{AE0D4720-862B-4B9D-8BD3-2492C7C230EA}.Debug|Any CPU.ActiveCfg = Debug|Any CPU
		{AE0D4720-862B-4B9D-8BD3-2492C7C230EA}.Debug|Any CPU.Build.0 = Debug|Any CPU
		{AE0D4720-862B-4B9D-8BD3-2492C7C230EA}.Release|Any CPU.ActiveCfg = Release|Any CPU
		{AE0D4720-862B-4B9D-8BD3-2492C7C230EA}.Release|Any CPU.Build.0 = Release|Any CPU
		{80F1EB57-605D-428B-83D8-48F1983644FE}.Debug|Any CPU.ActiveCfg = Debug|Any CPU
		{80F1EB57-605D-428B-83D8-48F1983644FE}.Debug|Any CPU.Build.0 = Debug|Any CPU
		{80F1EB57-605D-428B-83D8-48F1983644FE}.Release|Any CPU.ActiveCfg = Release|Any CPU
		{80F1EB57-605D-428B-83D8-48F1983644FE}.Release|Any CPU.Build.0 = Release|Any CPU
		{203DDAA7-C1CC-408B-9EDF-F06BE8168689}.Debug|Any CPU.ActiveCfg = Debug|Any CPU
		{203DDAA7-C1CC-408B-9EDF-F06BE8168689}.Debug|Any CPU.Build.0 = Debug|Any CPU
		{203DDAA7-C1CC-408B-9EDF-F06BE8168689}.Release|Any CPU.ActiveCfg = Release|Any CPU
		{203DDAA7-C1CC-408B-9EDF-F06BE8168689}.Release|Any CPU.Build.0 = Release|Any CPU
		{8594F985-D9B2-43F7-AA9C-F12369C05B61}.Debug|Any CPU.ActiveCfg = Debug|Any CPU
		{8594F985-D9B2-43F7-AA9C-F12369C05B61}.Debug|Any CPU.Build.0 = Debug|Any CPU
		{8594F985-D9B2-43F7-AA9C-F12369C05B61}.Release|Any CPU.ActiveCfg = Release|Any CPU
		{8594F985-D9B2-43F7-AA9C-F12369C05B61}.Release|Any CPU.Build.0 = Release|Any CPU
		{F3083FA9-8C8E-4E33-99C4-52D1D2EAC765}.Debug|Any CPU.ActiveCfg = Debug|Any CPU
		{F3083FA9-8C8E-4E33-99C4-52D1D2EAC765}.Debug|Any CPU.Build.0 = Debug|Any CPU
		{F3083FA9-8C8E-4E33-99C4-52D1D2EAC765}.Release|Any CPU.ActiveCfg = Release|Any CPU
		{F3083FA9-8C8E-4E33-99C4-52D1D2EAC765}.Release|Any CPU.Build.0 = Release|Any CPU
		{D0F92661-8BC4-4F56-9FB7-FA80B0D321B6}.Debug|Any CPU.ActiveCfg = Debug|Any CPU
		{D0F92661-8BC4-4F56-9FB7-FA80B0D321B6}.Debug|Any CPU.Build.0 = Debug|Any CPU
		{D0F92661-8BC4-4F56-9FB7-FA80B0D321B6}.Release|Any CPU.ActiveCfg = Release|Any CPU
		{D0F92661-8BC4-4F56-9FB7-FA80B0D321B6}.Release|Any CPU.Build.0 = Release|Any CPU
		{B9DAC068-95AB-41E4-BBAD-8451EEAC14BB}.Debug|Any CPU.ActiveCfg = Debug|Any CPU
		{B9DAC068-95AB-41E4-BBAD-8451EEAC14BB}.Debug|Any CPU.Build.0 = Debug|Any CPU
		{B9DAC068-95AB-41E4-BBAD-8451EEAC14BB}.Release|Any CPU.ActiveCfg = Release|Any CPU
		{B9DAC068-95AB-41E4-BBAD-8451EEAC14BB}.Release|Any CPU.Build.0 = Release|Any CPU
		{A274C70E-57F9-4D94-8A8F-91CF0264681C}.Debug|Any CPU.ActiveCfg = Debug|Any CPU
		{A274C70E-57F9-4D94-8A8F-91CF0264681C}.Debug|Any CPU.Build.0 = Debug|Any CPU
		{A274C70E-57F9-4D94-8A8F-91CF0264681C}.Release|Any CPU.ActiveCfg = Release|Any CPU
		{A274C70E-57F9-4D94-8A8F-91CF0264681C}.Release|Any CPU.Build.0 = Release|Any CPU
	EndGlobalSection
	GlobalSection(SolutionProperties) = preSolution
		HideSolutionNode = FALSE
	EndGlobalSection
	GlobalSection(NestedProjects) = preSolution
		{AE18C18F-1296-455A-8ADD-A0609643BD5C} = {BCA602EE-9CCB-4F29-8FDA-F6933AFFFC4D}
		{5D7C1E9D-4CFE-49CA-BB21-C0967480058F} = {AE18C18F-1296-455A-8ADD-A0609643BD5C}
		{D40BEBB3-EEC4-4CDD-859B-115025D0D715} = {BCA602EE-9CCB-4F29-8FDA-F6933AFFFC4D}
		{62B2E14F-A05F-46ED-86F4-B724B2918B88} = {D40BEBB3-EEC4-4CDD-859B-115025D0D715}
		{9C7A4C67-71E3-4AFA-866A-CABDA175A57A} = {BCA602EE-9CCB-4F29-8FDA-F6933AFFFC4D}
		{7994581E-8CDD-4F35-BC80-EFB0684511F6} = {9C7A4C67-71E3-4AFA-866A-CABDA175A57A}
		{59E315A1-2EDD-4C25-9C74-86D9BE7CC8A9} = {9C7A4C67-71E3-4AFA-866A-CABDA175A57A}
		{1694C3B8-F107-4892-BAE9-93C2C094D98C} = {BCA602EE-9CCB-4F29-8FDA-F6933AFFFC4D}
		{AE0D4720-862B-4B9D-8BD3-2492C7C230EA} = {1694C3B8-F107-4892-BAE9-93C2C094D98C}
		{80F1EB57-605D-428B-83D8-48F1983644FE} = {1694C3B8-F107-4892-BAE9-93C2C094D98C}
		{203DDAA7-C1CC-408B-9EDF-F06BE8168689} = {1694C3B8-F107-4892-BAE9-93C2C094D98C}
		{8594F985-D9B2-43F7-AA9C-F12369C05B61} = {1694C3B8-F107-4892-BAE9-93C2C094D98C}
		{F3083FA9-8C8E-4E33-99C4-52D1D2EAC765} = {C6F37251-3D22-4A96-8644-6954ED9F4623}
		{D0F92661-8BC4-4F56-9FB7-FA80B0D321B6} = {B039F435-906A-4590-AB6C-386EF89B8D8B}
		{B9DAC068-95AB-41E4-BBAD-8451EEAC14BB} = {B039F435-906A-4590-AB6C-386EF89B8D8B}
		{A274C70E-57F9-4D94-8A8F-91CF0264681C} = {62015EE1-D286-4684-AF63-7CDF3BCE45D9}
	EndGlobalSection
	GlobalSection(ExtensibilityGlobals) = postSolution
		SolutionGuid = {B3E7A59C-404C-4096-B538-64024AC064F0}
	EndGlobalSection
EndGlobal
